
Microsoft Visual Studio Solution File, Format Version 12.00
# Visual Studio Version 17
VisualStudioVersion = 17.11.35208.52
MinimumVisualStudioVersion = 10.0.40219.1
Project("{FAE04EC0-301F-11D3-BF4B-00C04F79EFBC}") = "btlatbmtt", "btlatbmtt.csproj", "{A1B50B63-BCCE-4B4F-B551-B314AAE8B01E}"
EndProject
Global
	GlobalSection(SolutionConfigurationPlatforms) = preSolution
		Debug|Any CPU = Debug|Any CPU
		Release|Any CPU = Release|Any CPU
	EndGlobalSection
	GlobalSection(ProjectConfigurationPlatforms) = postSolution
		{A1B50B63-BCCE-4B4F-B551-B314AAE8B01E}.Debug|Any CPU.ActiveCfg = Debug|Any CPU
		{A1B50B63-BCCE-4B4F-B551-B314AAE8B01E}.Debug|Any CPU.Build.0 = Debug|Any CPU
		{A1B50B63-BCCE-4B4F-B551-B314AAE8B01E}.Release|Any CPU.ActiveCfg = Release|Any CPU
		{A1B50B63-BCCE-4B4F-B551-B314AAE8B01E}.Release|Any CPU.Build.0 = Release|Any CPU
	EndGlobalSection
	GlobalSection(SolutionProperties) = preSolution
		HideSolutionNode = FALSE
	EndGlobalSection
	GlobalSection(ExtensibilityGlobals) = postSolution
		SolutionGuid = {F901583E-3186-4F35-B982-057341C35B5D}
	EndGlobalSection
EndGlobal
